
Microsoft Visual Studio Solution File, Format Version 12.00
# Visual Studio Version 17
VisualStudioVersion = 17.11.35312.102
MinimumVisualStudioVersion = 10.0.40219.1
Project("{9A19103F-16F7-4668-BE54-9A1E7A4F7556}") = "RadarApp", "RadarApp.csproj", "{68A728CB-D40C-4121-9AE7-CFE5BE076F06}"
	ProjectSection(ProjectDependencies) = postProject
		{4DF8E184-0301-44FF-A05B-3D45B936023C} = {4DF8E184-0301-44FF-A05B-3D45B936023C}
	EndProjectSection
EndProject
Project("{9A19103F-16F7-4668-BE54-9A1E7A4F7556}") = "RadarLibrary", "..\RadarLibrary\RadarLibrary.csproj", "{4DF8E184-0301-44FF-A05B-3D45B936023C}"
EndProject
Global
	GlobalSection(SolutionConfigurationPlatforms) = preSolution
		Debug|Any CPU = Debug|Any CPU
		Release|Any CPU = Release|Any CPU
	EndGlobalSection
	GlobalSection(ProjectConfigurationPlatforms) = postSolution
		{68A728CB-D40C-4121-9AE7-CFE5BE076F06}.Debug|Any CPU.ActiveCfg = Debug|Any CPU
		{68A728CB-D40C-4121-9AE7-CFE5BE076F06}.Debug|Any CPU.Build.0 = Debug|Any CPU
		{68A728CB-D40C-4121-9AE7-CFE5BE076F06}.Release|Any CPU.ActiveCfg = Release|Any CPU
		{68A728CB-D40C-4121-9AE7-CFE5BE076F06}.Release|Any CPU.Build.0 = Release|Any CPU
		{4DF8E184-0301-44FF-A05B-3D45B936023C}.Debug|Any CPU.ActiveCfg = Debug|Any CPU
		{4DF8E184-0301-44FF-A05B-3D45B936023C}.Debug|Any CPU.Build.0 = Debug|Any CPU
		{4DF8E184-0301-44FF-A05B-3D45B936023C}.Release|Any CPU.ActiveCfg = Release|Any CPU
		{4DF8E184-0301-44FF-A05B-3D45B936023C}.Release|Any CPU.Build.0 = Release|Any CPU
	EndGlobalSection
	GlobalSection(SolutionProperties) = preSolution
		HideSolutionNode = FALSE
	EndGlobalSection
	GlobalSection(ExtensibilityGlobals) = postSolution
		SolutionGuid = {ABA6087E-A6F7-4567-BB96-8D14DF01F739}
	EndGlobalSection
EndGlobal
